
Microsoft Visual Studio Solution File, Format Version 12.00
# Visual Studio Version 16
VisualStudioVersion = 16.0.33423.256
MinimumVisualStudioVersion = 10.0.40219.1
Project("{FAE04EC0-301F-11D3-BF4B-00C04F79EFBC}") = "RetailManager", "RetailManager\RetailManager.csproj", "{437F8CD3-371C-4464-BE29-84F69490A412}"
EndProject
Project("{00D1A9C2-B5F0-4AF3-8072-F6C62B433612}") = "RetailManagerData", "RetailManagerData\RetailManagerData.sqlproj", "{97A01EDA-7258-4704-8E7A-3EC670009DAD}"
EndProject
Project("{FAE04EC0-301F-11D3-BF4B-00C04F79EFBC}") = "RetailManagerDesktopUI", "RetailManagerDesktopUI\RetailManagerDesktopUI.csproj", "{C664BA77-38CE-4808-B66A-87B969F2104E}"
EndProject
Project("{FAE04EC0-301F-11D3-BF4B-00C04F79EFBC}") = "RetailManager.Library", "RetailManager.Library\RetailManager.Library.csproj", "{1D2C6585-4696-4203-BDBE-6F0EE6FFD0E2}"
EndProject
Global
	GlobalSection(SolutionConfigurationPlatforms) = preSolution
		Debug|Any CPU = Debug|Any CPU
		Release|Any CPU = Release|Any CPU
	EndGlobalSection
	GlobalSection(ProjectConfigurationPlatforms) = postSolution
		{437F8CD3-371C-4464-BE29-84F69490A412}.Debug|Any CPU.ActiveCfg = Debug|Any CPU
		{437F8CD3-371C-4464-BE29-84F69490A412}.Debug|Any CPU.Build.0 = Debug|Any CPU
		{437F8CD3-371C-4464-BE29-84F69490A412}.Release|Any CPU.ActiveCfg = Release|Any CPU
		{437F8CD3-371C-4464-BE29-84F69490A412}.Release|Any CPU.Build.0 = Release|Any CPU
		{97A01EDA-7258-4704-8E7A-3EC670009DAD}.Debug|Any CPU.ActiveCfg = Debug|Any CPU
		{97A01EDA-7258-4704-8E7A-3EC670009DAD}.Debug|Any CPU.Build.0 = Debug|Any CPU
		{97A01EDA-7258-4704-8E7A-3EC670009DAD}.Debug|Any CPU.Deploy.0 = Debug|Any CPU
		{97A01EDA-7258-4704-8E7A-3EC670009DAD}.Release|Any CPU.ActiveCfg = Release|Any CPU
		{97A01EDA-7258-4704-8E7A-3EC670009DAD}.Release|Any CPU.Build.0 = Release|Any CPU
		{97A01EDA-7258-4704-8E7A-3EC670009DAD}.Release|Any CPU.Deploy.0 = Release|Any CPU
		{C664BA77-38CE-4808-B66A-87B969F2104E}.Debug|Any CPU.ActiveCfg = Debug|Any CPU
		{C664BA77-38CE-4808-B66A-87B969F2104E}.Debug|Any CPU.Build.0 = Debug|Any CPU
		{C664BA77-38CE-4808-B66A-87B969F2104E}.Release|Any CPU.ActiveCfg = Release|Any CPU
		{C664BA77-38CE-4808-B66A-87B969F2104E}.Release|Any CPU.Build.0 = Release|Any CPU
		{1D2C6585-4696-4203-BDBE-6F0EE6FFD0E2}.Debug|Any CPU.ActiveCfg = Debug|Any CPU
		{1D2C6585-4696-4203-BDBE-6F0EE6FFD0E2}.Debug|Any CPU.Build.0 = Debug|Any CPU
		{1D2C6585-4696-4203-BDBE-6F0EE6FFD0E2}.Release|Any CPU.ActiveCfg = Release|Any CPU
		{1D2C6585-4696-4203-BDBE-6F0EE6FFD0E2}.Release|Any CPU.Build.0 = Release|Any CPU
	EndGlobalSection
	GlobalSection(SolutionProperties) = preSolution
		HideSolutionNode = FALSE
	EndGlobalSection
	GlobalSection(ExtensibilityGlobals) = postSolution
		SolutionGuid = {B9BEBAD7-BA2B-4006-B452-E234E6F1A41F}
	EndGlobalSection
EndGlobal
